
Microsoft Visual Studio Solution File, Format Version 12.00
# Visual Studio Version 17
VisualStudioVersion = 17.8.34408.163
MinimumVisualStudioVersion = 10.0.40219.1
Project("{FAE04EC0-301F-11D3-BF4B-00C04F79EFBC}") = "atividade3", "atividade3\atividade3.csproj", "{9DC0D1A0-1D2C-4E7F-B569-EEE3B2C7CB71}"
EndProject
Global
	GlobalSection(SolutionConfigurationPlatforms) = preSolution
		Debug|Any CPU = Debug|Any CPU
		Release|Any CPU = Release|Any CPU
	EndGlobalSection
	GlobalSection(ProjectConfigurationPlatforms) = postSolution
		{9DC0D1A0-1D2C-4E7F-B569-EEE3B2C7CB71}.Debug|Any CPU.ActiveCfg = Debug|Any CPU
		{9DC0D1A0-1D2C-4E7F-B569-EEE3B2C7CB71}.Debug|Any CPU.Build.0 = Debug|Any CPU
		{9DC0D1A0-1D2C-4E7F-B569-EEE3B2C7CB71}.Release|Any CPU.ActiveCfg = Release|Any CPU
		{9DC0D1A0-1D2C-4E7F-B569-EEE3B2C7CB71}.Release|Any CPU.Build.0 = Release|Any CPU
	EndGlobalSection
	GlobalSection(SolutionProperties) = preSolution
		HideSolutionNode = FALSE
	EndGlobalSection
	GlobalSection(ExtensibilityGlobals) = postSolution
		SolutionGuid = {71922581-48C2-4E67-817A-09240BB4F356}
	EndGlobalSection
EndGlobal
